
Microsoft Visual Studio Solution File, Format Version 12.00
# Visual Studio 15
VisualStudioVersion = 15.0.27703.2047
MinimumVisualStudioVersion = 10.0.40219.1
Project("{9A19103F-16F7-4668-BE54-9A1E7A4F7556}") = "DataPlatformSI.WebAPI", "src\DataPlatformSI.WebAPI\DataPlatformSI.WebAPI.csproj", "{1A97E5EB-7BFB-470A-BDA4-A5EF74261F7D}"
EndProject
Project("{9A19103F-16F7-4668-BE54-9A1E7A4F7556}") = "DataPlatformSI.Services", "src\DataPlatformSI.Services\DataPlatformSI.Services.csproj", "{FD76B419-BE19-4EC8-95F7-0BBAED19F5A1}"
EndProject
Project("{9A19103F-16F7-4668-BE54-9A1E7A4F7556}") = "DataPlatformSI.Common", "src\DataPlatformSI.Common\DataPlatformSI.Common.csproj", "{AE8AA4E5-6019-4762-9AA3-6134C55C9366}"
EndProject
Project("{9A19103F-16F7-4668-BE54-9A1E7A4F7556}") = "DataPlatformSI.DataLayer", "src\DataPlatformSI.DataLayer\DataPlatformSI.DataLayer.csproj", "{B767C47C-5C04-4FB8-9850-B360514A5F60}"
EndProject
Project("{9A19103F-16F7-4668-BE54-9A1E7A4F7556}") = "DataPlatformSI.DomainClasses", "src\DataPlatformSI.DomainClasses\DataPlatformSI.DomainClasses.csproj", "{26828531-1DCC-40EB-8CF3-D5B2D415E9F8}"
EndProject
Global
	GlobalSection(SolutionConfigurationPlatforms) = preSolution
		Debug|Any CPU = Debug|Any CPU
		Release|Any CPU = Release|Any CPU
	EndGlobalSection
	GlobalSection(ProjectConfigurationPlatforms) = postSolution
		{1A97E5EB-7BFB-470A-BDA4-A5EF74261F7D}.Debug|Any CPU.ActiveCfg = Debug|Any CPU
		{1A97E5EB-7BFB-470A-BDA4-A5EF74261F7D}.Debug|Any CPU.Build.0 = Debug|Any CPU
		{1A97E5EB-7BFB-470A-BDA4-A5EF74261F7D}.Release|Any CPU.ActiveCfg = Release|Any CPU
		{1A97E5EB-7BFB-470A-BDA4-A5EF74261F7D}.Release|Any CPU.Build.0 = Release|Any CPU
		{FD76B419-BE19-4EC8-95F7-0BBAED19F5A1}.Debug|Any CPU.ActiveCfg = Debug|Any CPU
		{FD76B419-BE19-4EC8-95F7-0BBAED19F5A1}.Debug|Any CPU.Build.0 = Debug|Any CPU
		{FD76B419-BE19-4EC8-95F7-0BBAED19F5A1}.Release|Any CPU.ActiveCfg = Release|Any CPU
		{FD76B419-BE19-4EC8-95F7-0BBAED19F5A1}.Release|Any CPU.Build.0 = Release|Any CPU
		{AE8AA4E5-6019-4762-9AA3-6134C55C9366}.Debug|Any CPU.ActiveCfg = Debug|Any CPU
		{AE8AA4E5-6019-4762-9AA3-6134C55C9366}.Debug|Any CPU.Build.0 = Debug|Any CPU
		{AE8AA4E5-6019-4762-9AA3-6134C55C9366}.Release|Any CPU.ActiveCfg = Release|Any CPU
		{AE8AA4E5-6019-4762-9AA3-6134C55C9366}.Release|Any CPU.Build.0 = Release|Any CPU
		{B767C47C-5C04-4FB8-9850-B360514A5F60}.Debug|Any CPU.ActiveCfg = Debug|Any CPU
		{B767C47C-5C04-4FB8-9850-B360514A5F60}.Debug|Any CPU.Build.0 = Debug|Any CPU
		{B767C47C-5C04-4FB8-9850-B360514A5F60}.Release|Any CPU.ActiveCfg = Release|Any CPU
		{B767C47C-5C04-4FB8-9850-B360514A5F60}.Release|Any CPU.Build.0 = Release|Any CPU
		{26828531-1DCC-40EB-8CF3-D5B2D415E9F8}.Debug|Any CPU.ActiveCfg = Debug|Any CPU
		{26828531-1DCC-40EB-8CF3-D5B2D415E9F8}.Debug|Any CPU.Build.0 = Debug|Any CPU
		{26828531-1DCC-40EB-8CF3-D5B2D415E9F8}.Release|Any CPU.ActiveCfg = Release|Any CPU
		{26828531-1DCC-40EB-8CF3-D5B2D415E9F8}.Release|Any CPU.Build.0 = Release|Any CPU
	EndGlobalSection
	GlobalSection(SolutionProperties) = preSolution
		HideSolutionNode = FALSE
	EndGlobalSection
	GlobalSection(ExtensibilityGlobals) = postSolution
		SolutionGuid = {9D1F22E2-60F7-466B-85D0-6F46581EC857}
	EndGlobalSection
EndGlobal
