
Microsoft Visual Studio Solution File, Format Version 12.00
# Visual Studio Version 16
VisualStudioVersion = 16.0.28902.138
MinimumVisualStudioVersion = 10.0.40219.1
Project("{9A19103F-16F7-4668-BE54-9A1E7A4F7556}") = "DataPlatformSI.WebAPI", "src\DataPlatformSI.WebAPI\DataPlatformSI.WebAPI.csproj", "{1A97E5EB-7BFB-470A-BDA4-A5EF74261F7D}"
EndProject
Project("{9A19103F-16F7-4668-BE54-9A1E7A4F7556}") = "DataPlatformSI.Services", "src\DataPlatformSI.Services\DataPlatformSI.Services.csproj", "{FD76B419-BE19-4EC8-95F7-0BBAED19F5A1}"
EndProject
Project("{9A19103F-16F7-4668-BE54-9A1E7A4F7556}") = "DataPlatformSI.Common", "src\DataPlatformSI.Common\DataPlatformSI.Common.csproj", "{AE8AA4E5-6019-4762-9AA3-6134C55C9366}"
EndProject
Project("{9A19103F-16F7-4668-BE54-9A1E7A4F7556}") = "DataPlatformSI.DataLayer", "src\DataPlatformSI.DataLayer\DataPlatformSI.DataLayer.csproj", "{B767C47C-5C04-4FB8-9850-B360514A5F60}"
EndProject
Project("{9A19103F-16F7-4668-BE54-9A1E7A4F7556}") = "DataPlatformSI.ViewModels", "src\DataPlatformSI.ViewModels\DataPlatformSI.ViewModels.csproj", "{91407599-1D5D-45F2-9AEA-2F48DA57D3A1}"
EndProject
Project("{9A19103F-16F7-4668-BE54-9A1E7A4F7556}") = "DataPlatformSI.IocConfig", "src\DataPlatformSI.IocConfig\DataPlatformSI.IocConfig.csproj", "{4B7C5689-D3EE-46C8-8238-91943AD69FF1}"
EndProject
Project("{9A19103F-16F7-4668-BE54-9A1E7A4F7556}") = "DataPlatformSI.Entities", "src\DataPlatformSI.Entities\DataPlatformSI.Entities.csproj", "{3BC9FC3B-438B-46ED-A557-EFB05D48050B}"
EndProject
Project("{E53339B2-1760-4266-BCC7-CA923CBCF16C}") = "docker-compose", "src\docker-compose.dcproj", "{DC7E6DAB-8D7C-4E40-947B-03CB807F61AA}"
EndProject
Project("{9A19103F-16F7-4668-BE54-9A1E7A4F7556}") = "DataPlatformSI.MSTests", "src\DataPlatformSI.MSTests\DataPlatformSI.MSTests.csproj", "{ABA97214-B0B1-4A10-A9DD-91A7D77501D1}"
EndProject
Global
	GlobalSection(SolutionConfigurationPlatforms) = preSolution
		Debug|Any CPU = Debug|Any CPU
		Release|Any CPU = Release|Any CPU
	EndGlobalSection
	GlobalSection(ProjectConfigurationPlatforms) = postSolution
		{1A97E5EB-7BFB-470A-BDA4-A5EF74261F7D}.Debug|Any CPU.ActiveCfg = Debug|Any CPU
		{1A97E5EB-7BFB-470A-BDA4-A5EF74261F7D}.Debug|Any CPU.Build.0 = Debug|Any CPU
		{1A97E5EB-7BFB-470A-BDA4-A5EF74261F7D}.Release|Any CPU.ActiveCfg = Release|Any CPU
		{1A97E5EB-7BFB-470A-BDA4-A5EF74261F7D}.Release|Any CPU.Build.0 = Release|Any CPU
		{FD76B419-BE19-4EC8-95F7-0BBAED19F5A1}.Debug|Any CPU.ActiveCfg = Debug|Any CPU
		{FD76B419-BE19-4EC8-95F7-0BBAED19F5A1}.Debug|Any CPU.Build.0 = Debug|Any CPU
		{FD76B419-BE19-4EC8-95F7-0BBAED19F5A1}.Release|Any CPU.ActiveCfg = Release|Any CPU
		{FD76B419-BE19-4EC8-95F7-0BBAED19F5A1}.Release|Any CPU.Build.0 = Release|Any CPU
		{AE8AA4E5-6019-4762-9AA3-6134C55C9366}.Debug|Any CPU.ActiveCfg = Debug|Any CPU
		{AE8AA4E5-6019-4762-9AA3-6134C55C9366}.Debug|Any CPU.Build.0 = Debug|Any CPU
		{AE8AA4E5-6019-4762-9AA3-6134C55C9366}.Release|Any CPU.ActiveCfg = Release|Any CPU
		{AE8AA4E5-6019-4762-9AA3-6134C55C9366}.Release|Any CPU.Build.0 = Release|Any CPU
		{B767C47C-5C04-4FB8-9850-B360514A5F60}.Debug|Any CPU.ActiveCfg = Debug|Any CPU
		{B767C47C-5C04-4FB8-9850-B360514A5F60}.Debug|Any CPU.Build.0 = Debug|Any CPU
		{B767C47C-5C04-4FB8-9850-B360514A5F60}.Release|Any CPU.ActiveCfg = Release|Any CPU
		{B767C47C-5C04-4FB8-9850-B360514A5F60}.Release|Any CPU.Build.0 = Release|Any CPU
		{91407599-1D5D-45F2-9AEA-2F48DA57D3A1}.Debug|Any CPU.ActiveCfg = Debug|Any CPU
		{91407599-1D5D-45F2-9AEA-2F48DA57D3A1}.Debug|Any CPU.Build.0 = Debug|Any CPU
		{91407599-1D5D-45F2-9AEA-2F48DA57D3A1}.Release|Any CPU.ActiveCfg = Release|Any CPU
		{91407599-1D5D-45F2-9AEA-2F48DA57D3A1}.Release|Any CPU.Build.0 = Release|Any CPU
		{4B7C5689-D3EE-46C8-8238-91943AD69FF1}.Debug|Any CPU.ActiveCfg = Debug|Any CPU
		{4B7C5689-D3EE-46C8-8238-91943AD69FF1}.Debug|Any CPU.Build.0 = Debug|Any CPU
		{4B7C5689-D3EE-46C8-8238-91943AD69FF1}.Release|Any CPU.ActiveCfg = Release|Any CPU
		{4B7C5689-D3EE-46C8-8238-91943AD69FF1}.Release|Any CPU.Build.0 = Release|Any CPU
		{3BC9FC3B-438B-46ED-A557-EFB05D48050B}.Debug|Any CPU.ActiveCfg = Debug|Any CPU
		{3BC9FC3B-438B-46ED-A557-EFB05D48050B}.Debug|Any CPU.Build.0 = Debug|Any CPU
		{3BC9FC3B-438B-46ED-A557-EFB05D48050B}.Release|Any CPU.ActiveCfg = Release|Any CPU
		{3BC9FC3B-438B-46ED-A557-EFB05D48050B}.Release|Any CPU.Build.0 = Release|Any CPU
		{DC7E6DAB-8D7C-4E40-947B-03CB807F61AA}.Debug|Any CPU.ActiveCfg = Debug|Any CPU
		{DC7E6DAB-8D7C-4E40-947B-03CB807F61AA}.Debug|Any CPU.Build.0 = Debug|Any CPU
		{DC7E6DAB-8D7C-4E40-947B-03CB807F61AA}.Release|Any CPU.ActiveCfg = Release|Any CPU
		{DC7E6DAB-8D7C-4E40-947B-03CB807F61AA}.Release|Any CPU.Build.0 = Release|Any CPU
		{ABA97214-B0B1-4A10-A9DD-91A7D77501D1}.Debug|Any CPU.ActiveCfg = Debug|Any CPU
		{ABA97214-B0B1-4A10-A9DD-91A7D77501D1}.Debug|Any CPU.Build.0 = Debug|Any CPU
		{ABA97214-B0B1-4A10-A9DD-91A7D77501D1}.Release|Any CPU.ActiveCfg = Release|Any CPU
		{ABA97214-B0B1-4A10-A9DD-91A7D77501D1}.Release|Any CPU.Build.0 = Release|Any CPU
	EndGlobalSection
	GlobalSection(SolutionProperties) = preSolution
		HideSolutionNode = FALSE
	EndGlobalSection
	GlobalSection(ExtensibilityGlobals) = postSolution
		SolutionGuid = {9D1F22E2-60F7-466B-85D0-6F46581EC857}
	EndGlobalSection
EndGlobal
